
Microsoft Visual Studio Solution File, Format Version 12.00
# Visual Studio Version 17
VisualStudioVersion = 17.2.32616.157
MinimumVisualStudioVersion = 10.0.40219.1
Project("{FAE04EC0-301F-11D3-BF4B-00C04F79EFBC}") = "OnePiece.Domain", "OnePiece.Domain\OnePiece.Domain.csproj", "{E37B1C60-CB20-4166-BF10-08408EB380D5}"
EndProject
Project("{FAE04EC0-301F-11D3-BF4B-00C04F79EFBC}") = "OnePiece.Application", "OnePiece.Application\OnePiece.Application.csproj", "{D3297B91-DF85-435C-AC81-54165747A787}"
EndProject
Project("{FAE04EC0-301F-11D3-BF4B-00C04F79EFBC}") = "OnePiece.Infrastructure", "OnePiece.Infrastructure\OnePiece.Infrastructure.csproj", "{4A5A5B7D-B49B-4536-BEED-AF61B6AF280C}"
EndProject
Project("{FAE04EC0-301F-11D3-BF4B-00C04F79EFBC}") = "OnePiece.CrossCutting", "OnePiece.CrossCutting\OnePiece.CrossCutting.csproj", "{840F79CD-C0BC-493E-A628-77344C74E175}"
EndProject
Project("{FAE04EC0-301F-11D3-BF4B-00C04F79EFBC}") = "OnePiece.Api", "OnePiece.Api\OnePiece.Api.csproj", "{9288A90E-86A4-4C25-8D21-578226DFACBF}"
EndProject
Global
	GlobalSection(SolutionConfigurationPlatforms) = preSolution
		Debug|Any CPU = Debug|Any CPU
		Release|Any CPU = Release|Any CPU
	EndGlobalSection
	GlobalSection(ProjectConfigurationPlatforms) = postSolution
		{E37B1C60-CB20-4166-BF10-08408EB380D5}.Debug|Any CPU.ActiveCfg = Debug|Any CPU
		{E37B1C60-CB20-4166-BF10-08408EB380D5}.Debug|Any CPU.Build.0 = Debug|Any CPU
		{E37B1C60-CB20-4166-BF10-08408EB380D5}.Release|Any CPU.ActiveCfg = Release|Any CPU
		{E37B1C60-CB20-4166-BF10-08408EB380D5}.Release|Any CPU.Build.0 = Release|Any CPU
		{D3297B91-DF85-435C-AC81-54165747A787}.Debug|Any CPU.ActiveCfg = Debug|Any CPU
		{D3297B91-DF85-435C-AC81-54165747A787}.Debug|Any CPU.Build.0 = Debug|Any CPU
		{D3297B91-DF85-435C-AC81-54165747A787}.Release|Any CPU.ActiveCfg = Release|Any CPU
		{D3297B91-DF85-435C-AC81-54165747A787}.Release|Any CPU.Build.0 = Release|Any CPU
		{4A5A5B7D-B49B-4536-BEED-AF61B6AF280C}.Debug|Any CPU.ActiveCfg = Debug|Any CPU
		{4A5A5B7D-B49B-4536-BEED-AF61B6AF280C}.Debug|Any CPU.Build.0 = Debug|Any CPU
		{4A5A5B7D-B49B-4536-BEED-AF61B6AF280C}.Release|Any CPU.ActiveCfg = Release|Any CPU
		{4A5A5B7D-B49B-4536-BEED-AF61B6AF280C}.Release|Any CPU.Build.0 = Release|Any CPU
		{840F79CD-C0BC-493E-A628-77344C74E175}.Debug|Any CPU.ActiveCfg = Debug|Any CPU
		{840F79CD-C0BC-493E-A628-77344C74E175}.Debug|Any CPU.Build.0 = Debug|Any CPU
		{840F79CD-C0BC-493E-A628-77344C74E175}.Release|Any CPU.ActiveCfg = Release|Any CPU
		{840F79CD-C0BC-493E-A628-77344C74E175}.Release|Any CPU.Build.0 = Release|Any CPU
		{9288A90E-86A4-4C25-8D21-578226DFACBF}.Debug|Any CPU.ActiveCfg = Debug|Any CPU
		{9288A90E-86A4-4C25-8D21-578226DFACBF}.Debug|Any CPU.Build.0 = Debug|Any CPU
		{9288A90E-86A4-4C25-8D21-578226DFACBF}.Release|Any CPU.ActiveCfg = Release|Any CPU
		{9288A90E-86A4-4C25-8D21-578226DFACBF}.Release|Any CPU.Build.0 = Release|Any CPU
	EndGlobalSection
	GlobalSection(SolutionProperties) = preSolution
		HideSolutionNode = FALSE
	EndGlobalSection
	GlobalSection(ExtensibilityGlobals) = postSolution
		SolutionGuid = {CFF1CE2E-A611-4103-A532-6FC0A643C9CD}
	EndGlobalSection
EndGlobal
